PODS:
  - GoogleMaps (2.6.0):
    - GoogleMaps/Maps (= 2.6.0)
  - GoogleMaps/Base (2.6.0)
  - GoogleMaps/Maps (2.6.0):
    - GoogleMaps/Base
  - GooglePlacePicker (2.6.0):
    - GoogleMaps (= 2.6.0)
    - GooglePlaces (= 2.6.0)
  - GooglePlaces (2.6.0):
    - GoogleMaps/Base (= 2.6.0)
  - React (0.11.0):
    - React/Core (= 0.11.0)
  - react-native-maps (0.20.1):
    - React
  - React/Core (0.11.0)
  - RNBackgroundFetch (2.0.8):
    - React
  - RNVectorIcons (4.5.0):
    - React
  - yoga (0.52.0.React)

DEPENDENCIES:
  - GoogleMaps
  - GooglePlacePicker
  - GooglePlaces
  - react-native-maps (from `../node_modules/react-native-maps`)
  - RNBackgroundFetch (from `../node_modules/react-native-background-fetch`)
  - RNVectorIcons (from `../node_modules/react-native-vector-icons`)
  - yoga (from `../node_modules/react-native/ReactCommon/yoga/yoga.podspec`)

EXTERNAL SOURCES:
  react-native-maps:
    :path: ../node_modules/react-native-maps
  RNBackgroundFetch:
    :path: ../node_modules/react-native-background-fetch
  RNVectorIcons:
    :path: ../node_modules/react-native-vector-icons
  yoga:
    :path: ../node_modules/react-native/ReactCommon/yoga/yoga.podspec

SPEC CHECKSUMS:
  GoogleMaps: 42f91c68b7fa2f84d5c86597b18ceb99f5414c7f
  GooglePlacePicker: e4488625effb006f59de49e14b7a603e463e4261
  GooglePlaces: f6ddf33b75cef69e888907d9947c57198ed845f3
  React: ab1a2e21deb34965c38328d5ec40cc7d12c6050a
  react-native-maps: 066c2afcc89e18726377bcc685315f989ca22449
  RNBackgroundFetch: 8c4f77f83c398c659bce82af2f0a885079417b9e
  RNVectorIcons: c0dbfbf6068fefa240c37b0f71bd03b45dddac44
  yoga: 55da126afc384965b96bff46652464373b330add

PODFILE CHECKSUM: 14c15b4aa985da4793adee71d92d649eec212647

COCOAPODS: 1.4.0
